
Microsoft Visual Studio Solution File, Format Version 12.00
# Visual Studio Version 16
VisualStudioVersion = 16.0.31911.196
MinimumVisualStudioVersion = 10.0.40219.1
Project("{FAE04EC0-301F-11D3-BF4B-00C04F79EFBC}") = "Anzeige", "Anzeige\Anzeige.csproj", "{8AFED76D-00B7-4C1F-8C69-F9E26839061A}"
EndProject
Global
	GlobalSection(SolutionConfigurationPlatforms) = preSolution
		Debug|Any CPU = Debug|Any CPU
		Release|Any CPU = Release|Any CPU
	EndGlobalSection
	GlobalSection(ProjectConfigurationPlatforms) = postSolution
		{8AFED76D-00B7-4C1F-8C69-F9E26839061A}.Debug|Any CPU.ActiveCfg = Debug|Any CPU
		{8AFED76D-00B7-4C1F-8C69-F9E26839061A}.Debug|Any CPU.Build.0 = Debug|Any CPU
		{8AFED76D-00B7-4C1F-8C69-F9E26839061A}.Release|Any CPU.ActiveCfg = Release|Any CPU
		{8AFED76D-00B7-4C1F-8C69-F9E26839061A}.Release|Any CPU.Build.0 = Release|Any CPU
	EndGlobalSection
	GlobalSection(SolutionProperties) = preSolution
		HideSolutionNode = FALSE
	EndGlobalSection
	GlobalSection(ExtensibilityGlobals) = postSolution
		SolutionGuid = {538FACA0-C675-474C-990A-7D18062A9B04}
	EndGlobalSection
EndGlobal
